// !$*UTF8*$!
{
	archiveVersion = 1;
	classes = {
	};
	objectVersion = 50;
	objects = {

/* Begin PBXBuildFile section */
		4594D327211E71D900351ACC /* AppDelegate.swift in Sources */ = {isa = PBXBuildFile; fileRef = 4594D326211E71D900351ACC /* AppDelegate.swift */; };
		4594D32C211E71D900351ACC /* Main.storyboard in Resources */ = {isa = PBXBuildFile; fileRef = 4594D32A211E71D900351ACC /* Main.storyboard */; };
		4594D32E211E71D900351ACC /* Assets.xcassets in Resources */ = {isa = PBXBuildFile; fileRef = 4594D32D211E71D900351ACC /* Assets.xcassets */; };
		4594D331211E71D900351ACC /* LaunchScreen.storyboard in Resources */ = {isa = PBXBuildFile; fileRef = 4594D32F211E71D900351ACC /* LaunchScreen.storyboard */; };
		4594D339211E723D00351ACC /* TableViewController.swift in Sources */ = {isa = PBXBuildFile; fileRef = 4594D338211E723D00351ACC /* TableViewController.swift */; };
		4594D33C211E769E00351ACC /* CustomCell.swift in Sources */ = {isa = PBXBuildFile; fileRef = 4594D33A211E769E00351ACC /* CustomCell.swift */; };
		4594D33D211E769E00351ACC /* CustomCell.xib in Resources */ = {isa = PBXBuildFile; fileRef = 4594D33B211E769E00351ACC /* CustomCell.xib */; };
		45A7F2AD213990B800035C1E /* LayoutStatus.swift in Sources */ = {isa = PBXBuildFile; fileRef = 45A7F2AC213990B800035C1E /* LayoutStatus.swift */; };
/* End PBXBuildFile section */

/* Begin PBXFileReference section */
		4594D323211E71D900351ACC /* Dynamic-AutoLayout-Sample.app */ = {isa = PBXFileReference; explicitFileType = wrapper.application; includeInIndex = 0; path = "Dynamic-AutoLayout-Sample.app"; sourceTree = BUILT_PRODUCTS_DIR; };
		4594D326211E71D900351ACC /* AppDelegate.swift */ = {isa = PBXFileReference; lastKnownFileType = sourcecode.swift; path = AppDelegate.swift; sourceTree = "<group>"; };
		4594D32B211E71D900351ACC /* Base */ = {isa = PBXFileReference; lastKnownFileType = file.storyboard; name = Base; path = Base.lproj/Main.storyboard; sourceTree = "<group>"; };
		4594D32D211E71D900351ACC /* Assets.xcassets */ = {isa = PBXFileReference; lastKnownFileType = folder.assetcatalog; path = Assets.xcassets; sourceTree = "<group>"; };
		4594D330211E71D900351ACC /* Base */ = {isa = PBXFileReference; lastKnownFileType = file.storyboard; name = Base; path = Base.lproj/LaunchScreen.storyboard; sourceTree = "<group>"; };
		4594D332211E71D900351ACC /* Info.plist */ = {isa = PBXFileReference; lastKnownFileType = text.plist.xml; path = Info.plist; sourceTree = "<group>"; };
		4594D338211E723D00351ACC /* TableViewController.swift */ = {isa = PBXFileReference; lastKnownFileType = sourcecode.swift; path = TableViewController.swift; sourceTree = "<group>"; };
		4594D33A211E769E00351ACC /* CustomCell.swift */ = {isa = PBXFileReference; lastKnownFileType = sourcecode.swift; path = CustomCell.swift; sourceTree = "<group>"; };
		4594D33B211E769E00351ACC /* CustomCell.xib */ = {isa = PBXFileReference; lastKnownFileType = file.xib; path = CustomCell.xib; sourceTree = "<group>"; };
		45A7F2AC213990B800035C1E /* LayoutStatus.swift */ = {isa = PBXFileReference; lastKnownFileType = sourcecode.swift; path = LayoutStatus.swift; sourceTree = "<group>"; };
/* End PBXFileReference section */

/* Begin PBXFrameworksBuildPhase section */
		4594D320211E71D900351ACC /* Frameworks */ = {
			isa = PBXFrameworksBuildPhase;
			buildActionMask = 2147483647;
			files = (
			);
			runOnlyForDeploymentPostprocessing = 0;
		};
/* End PBXFrameworksBuildPhase section */

/* Begin PBXGroup section */
		4594D31A211E71D900351ACC = {
			isa = PBXGroup;
			children = (
				4594D325211E71D900351ACC /* Dynamic-AutoLayout-Sample */,
				4594D324211E71D900351ACC /* Products */,
			);
			sourceTree = "<group>";
		};
		4594D324211E71D900351ACC /* Products */ = {
			isa = PBXGroup;
			children = (
				4594D323211E71D900351ACC /* Dynamic-AutoLayout-Sample.app */,
			);
			name = Products;
			sourceTree = "<group>";
		};
		4594D325211E71D900351ACC /* Dynamic-AutoLayout-Sample */ = {
			isa = PBXGroup;
			children = (
				45A7F2AB2139909F00035C1E /* Utill */,
				4594D340211ECFF700351ACC /* View */,
				4594D33F211ECFF300351ACC /* Controller */,
				4594D33E211ECFF100351ACC /* Other */,
			);
			path = "Dynamic-AutoLayout-Sample";
			sourceTree = "<group>";
		};
		4594D33E211ECFF100351ACC /* Other */ = {
			isa = PBXGroup;
			children = (
				4594D326211E71D900351ACC /* AppDelegate.swift */,
				4594D32D211E71D900351ACC /* Assets.xcassets */,
				4594D32F211E71D900351ACC /* LaunchScreen.storyboard */,
				4594D332211E71D900351ACC /* Info.plist */,
			);
			path = Other;
			sourceTree = "<group>";
		};
		4594D33F211ECFF300351ACC /* Controller */ = {
			isa = PBXGroup;
			children = (
				4594D32A211E71D900351ACC /* Main.storyboard */,
				4594D338211E723D00351ACC /* TableViewController.swift */,
			);
			path = Controller;
			sourceTree = "<group>";
		};
		4594D340211ECFF700351ACC /* View */ = {
			isa = PBXGroup;
			children = (
				4594D33B211E769E00351ACC /* CustomCell.xib */,
				4594D33A211E769E00351ACC /* CustomCell.swift */,
			);
			path = View;
			sourceTree = "<group>";
		};
		45A7F2AB2139909F00035C1E /* Utill */ = {
			isa = PBXGroup;
			children = (
				45A7F2AC213990B800035C1E /* LayoutStatus.swift */,
			);
			path = Utill;
			sourceTree = "<group>";
		};
/* End PBXGroup section */

/* Begin PBXNativeTarget section */
		4594D322211E71D900351ACC /* Dynamic-AutoLayout-Sample */ = {
			isa = PBXNativeTarget;
			buildConfigurationList = 4594D335211E71D900351ACC /* Build configuration list for PBXNativeTarget "Dynamic-AutoLayout-Sample" */;
			buildPhases = (
				4594D31F211E71D900351ACC /* Sources */,
				4594D320211E71D900351ACC /* Frameworks */,
				4594D321211E71D900351ACC /* Resources */,
			);
			buildRules = (
			);
			dependencies = (
			);
			name = "Dynamic-AutoLayout-Sample";
			productName = "Dynamic-AutoLayout-Sample";
			productReference = 4594D323211E71D900351ACC /* Dynamic-AutoLayout-Sample.app */;
			productType = "com.apple.product-type.application";
		};
/* End PBXNativeTarget section */

/* Begin PBXProject section */
		4594D31B211E71D900351ACC /* Project object */ = {
			isa = PBXProject;
			attributes = {
				LastSwiftUpdateCheck = 1000;
				LastUpgradeCheck = 1000;
				ORGANIZATIONNAME = kawaharadai;
				TargetAttributes = {
					4594D322211E71D900351ACC = {
						CreatedOnToolsVersion = 10.0;
					};
				};
			};
			buildConfigurationList = 4594D31E211E71D900351ACC /* Build configuration list for PBXProject "Dynamic-AutoLayout-Sample" */;
			compatibilityVersion = "Xcode 9.3";
			developmentRegion = en;
			hasScannedForEncodings = 0;
			knownRegions = (
				en,
				Base,
			);
			mainGroup = 4594D31A211E71D900351ACC;
			productRefGroup = 4594D324211E71D900351ACC /* Products */;
			projectDirPath = "";
			projectRoot = "";
			targets = (
				4594D322211E71D900351ACC /* Dynamic-AutoLayout-Sample */,
			);
		};
/* End PBXProject section */

/* Begin PBXResourcesBuildPhase section */
		4594D321211E71D900351ACC /* Resources */ = {
			isa = PBXResourcesBuildPhase;
			buildActionMask = 2147483647;
			files = (
				4594D331211E71D900351ACC /* LaunchScreen.storyboard in Resources */,
				4594D32E211E71D900351ACC /* Assets.xcassets in Resources */,
				4594D33D211E769E00351ACC /* CustomCell.xib in Resources */,
				4594D32C211E71D900351ACC /* Main.storyboard in Resources */,
			);
			runOnlyForDeploymentPostprocessing = 0;
		};
/* End PBXResourcesBuildPhase section */

/* Begin PBXSourcesBuildPhase section */
		4594D31F211E71D900351ACC /* Sources */ = {
			isa = PBXSourcesBuildPhase;
			buildActionMask = 2147483647;
			files = (
				4594D339211E723D00351ACC /* TableViewController.swift in Sources */,
				4594D33C211E769E00351ACC /* CustomCell.swift in Sources */,
				4594D327211E71D900351ACC /* AppDelegate.swift in Sources */,
				45A7F2AD213990B800035C1E /* LayoutStatus.swift in Sources */,
			);
			runOnlyForDeploymentPostprocessing = 0;
		};
/* End PBXSourcesBuildPhase section */

/* Begin PBXVariantGroup section */
		4594D32A211E71D900351ACC /* Main.storyboard */ = {
			isa = PBXVariantGroup;
			children = (
				4594D32B211E71D900351ACC /* Base */,
			);
			name = Main.storyboard;
			sourceTree = "<group>";
		};
		4594D32F211E71D900351ACC /* LaunchScreen.storyboard */ = {
			isa = PBXVariantGroup;
			children = (
				4594D330211E71D900351ACC /* Base */,
			);
			name = LaunchScreen.storyboard;
			sourceTree = "<group>";
		};
/* End PBXVariantGroup section */

/* Begin XCBuildConfiguration section */
		4594D333211E71D900351ACC /* Debug */ = {
			isa = XCBuildConfiguration;
			buildSettings = {
				ALWAYS_SEARCH_USER_PATHS = NO;
				CLANG_ANALYZER_NONNULL = YES;
				CLANG_ANALYZER_NUMBER_OBJECT_CONVERSION = YES_AGGRESSIVE;
				CLANG_CXX_LANGUAGE_STANDARD = "gnu++14";
				CLANG_CXX_LIBRARY = "libc++";
				CLANG_ENABLE_MODULES = YES;
				CLANG_ENABLE_OBJC_ARC = YES;
				CLANG_ENABLE_OBJC_WEAK = YES;
				CLANG_WARN_BLOCK_CAPTURE_AUTORELEASING = YES;
				CLANG_WARN_BOOL_CONVERSION = YES;
				CLANG_WARN_COMMA = YES;
				CLANG_WARN_CONSTANT_CONVERSION = YES;
				CLANG_WARN_DEPRECATED_OBJC_IMPLEMENTATIONS = YES;
				CLANG_WARN_DIRECT_OBJC_ISA_USAGE = YES_ERROR;
				CLANG_WARN_DOCUMENTATION_COMMENTS = YES;
				CLANG_WARN_EMPTY_BODY = YES;
				CLANG_WARN_ENUM_CONVERSION = YES;
				CLANG_WARN_INFINITE_RECURSION = YES;
				CLANG_WARN_INT_CONVERSION = YES;
				CLANG_WARN_NON_LITERAL_NULL_CONVERSION = YES;
				CLANG_WARN_OBJC_IMPLICIT_RETAIN_SELF = YES;
				CLANG_WARN_OBJC_LITERAL_CONVERSION = YES;
				CLANG_WARN_OBJC_ROOT_CLASS = YES_ERROR;
				CLANG_WARN_RANGE_LOOP_ANALYSIS = YES;
				CLANG_WARN_STRICT_PROTOTYPES = YES;
				CLANG_WARN_SUSPICIOUS_MOVE = YES;
				CLANG_WARN_UNGUARDED_AVAILABILITY = YES_AGGRESSIVE;
				CLANG_WARN_UNREACHABLE_CODE = YES;
				CLANG_WARN__DUPLICATE_METHOD_MATCH = YES;
				CODE_SIGN_IDENTITY = "iPhone Developer";
				COPY_PHASE_STRIP = NO;
				DEBUG_INFORMATION_FORMAT = dwarf;
				ENABLE_STRICT_OBJC_MSGSEND = YES;
				ENABLE_TESTABILITY = YES;
				GCC_C_LANGUAGE_STANDARD = gnu11;
				GCC_DYNAMIC_NO_PIC = NO;
				GCC_NO_COMMON_BLOCKS = YES;
				GCC_OPTIMIZATION_LEVEL = 0;
				GCC_PREPROCESSOR_DEFINITIONS = (
					"DEBUG=1",
					"$(inherited)",
				);
				GCC_WARN_64_TO_32_BIT_CONVERSION = YES;
				GCC_WARN_ABOUT_RETURN_TYPE = YES_ERROR;
				GCC_WARN_UNDECLARED_SELECTOR = YES;
				GCC_WARN_UNINITIALIZED_AUTOS = YES_AGGRESSIVE;
				GCC_WARN_UNUSED_FUNCTION = YES;
				GCC_WARN_UNUSED_VARIABLE = YES;
				IPHONEOS_DEPLOYMENT_TARGET = 12.0;
				MTL_ENABLE_DEBUG_INFO = INCLUDE_SOURCE;
				ONLY_ACTIVE_ARCH = YES;
				SDKROOT = iphoneos;
				SWIFT_ACTIVE_COMPILATION_CONDITIONS = DEBUG;
				SWIFT_OPTIMIZATION_LEVEL = "-Onone";
			};
			name = Debug;
		};
		4594D334211E71D900351ACC /* Release */ = {
			isa = XCBuildConfiguration;
			buildSettings = {
				ALWAYS_SEARCH_USER_PATHS = NO;
				CLANG_ANALYZER_NONNULL = YES;
				CLANG_ANALYZER_NUMBER_OBJECT_CONVERSION = YES_AGGRESSIVE;
				CLANG_CXX_LANGUAGE_STANDARD = "gnu++14";
				CLANG_CXX_LIBRARY = "libc++";
				CLANG_ENABLE_MODULES = YES;
				CLANG_ENABLE_OBJC_ARC = YES;
				CLANG_ENABLE_OBJC_WEAK = YES;
				CLANG_WARN_BLOCK_CAPTURE_AUTORELEASING = YES;
				CLANG_WARN_BOOL_CONVERSION = YES;
				CLANG_WARN_COMMA = YES;
				CLANG_WARN_CONSTANT_CONVERSION = YES;
				CLANG_WARN_DEPRECATED_OBJC_IMPLEMENTATIONS = YES;
				CLANG_WARN_DIRECT_OBJC_ISA_USAGE = YES_ERROR;
				CLANG_WARN_DOCUMENTATION_COMMENTS = YES;
				CLANG_WARN_EMPTY_BODY = YES;
				CLANG_WARN_ENUM_CONVERSION = YES;
				CLANG_WARN_INFINITE_RECURSION = YES;
				CLANG_WARN_INT_CONVERSION = YES;
				CLANG_WARN_NON_LITERAL_NULL_CONVERSION = YES;
				CLANG_WARN_OBJC_IMPLICIT_RETAIN_SELF = YES;
				CLANG_WARN_OBJC_LITERAL_CONVERSION = YES;
				CLANG_WARN_OBJC_ROOT_CLASS = YES_ERROR;
				CLANG_WARN_RANGE_LOOP_ANALYSIS = YES;
				CLANG_WARN_STRICT_PROTOTYPES = YES;
				CLANG_WARN_SUSPICIOUS_MOVE = YES;
				CLANG_WARN_UNGUARDED_AVAILABILITY = YES_AGGRESSIVE;
				CLANG_WARN_UNREACHABLE_CODE = YES;
				CLANG_WARN__DUPLICATE_METHOD_MATCH = YES;
				CODE_SIGN_IDENTITY = "iPhone Developer";
				COPY_PHASE_STRIP = NO;
				DEBUG_INFORMATION_FORMAT = "dwarf-with-dsym";
				ENABLE_NS_ASSERTIONS = NO;
				ENABLE_STRICT_OBJC_MSGSEND = YES;
				GCC_C_LANGUAGE_STANDARD = gnu11;
				GCC_NO_COMMON_BLOCKS = YES;
				GCC_WARN_64_TO_32_BIT_CONVERSION = YES;
				GCC_WARN_ABOUT_RETURN_TYPE = YES_ERROR;
				GCC_WARN_UNDECLARED_SELECTOR = YES;
				GCC_WARN_UNINITIALIZED_AUTOS = YES_AGGRESSIVE;
				GCC_WARN_UNUSED_FUNCTION = YES;
				GCC_WARN_UNUSED_VARIABLE = YES;
				IPHONEOS_DEPLOYMENT_TARGET = 12.0;
				MTL_ENABLE_DEBUG_INFO = NO;
				SDKROOT = iphoneos;
				SWIFT_COMPILATION_MODE = wholemodule;
				SWIFT_OPTIMIZATION_LEVEL = "-O";
				VALIDATE_PRODUCT = YES;
			};
			name = Release;
		};
		4594D336211E71D900351ACC /* Debug */ = {
			isa = XCBuildConfiguration;
			buildSettings = {
				ASSETCATALOG_COMPILER_APPICON_NAME = AppIcon;
				CODE_SIGN_STYLE = Automatic;
				DEVELOPMENT_TEAM = LVR5UQEHBD;
				INFOPLIST_FILE = "$(SRCROOT)/Dynamic-AutoLayout-Sample/Other/Info.plist";
				IPHONEOS_DEPLOYMENT_TARGET = 11.0;
				LD_RUNPATH_SEARCH_PATHS = (
					"$(inherited)",
					"@executable_path/Frameworks",
				);
				PRODUCT_BUNDLE_IDENTIFIER = "com.kawahara.Dynamic-AutoLayout-Sample";
				PRODUCT_NAME = "$(TARGET_NAME)";
				SWIFT_VERSION = 4.2;
				TARGETED_DEVICE_FAMILY = "1,2";
			};
			name = Debug;
		};
		4594D337211E71D900351ACC /* Release */ = {
			isa = XCBuildConfiguration;
			buildSettings = {
				ASSETCATALOG_COMPILER_APPICON_NAME = AppIcon;
				CODE_SIGN_STYLE = Automatic;
				DEVELOPMENT_TEAM = LVR5UQEHBD;
				INFOPLIST_FILE = "$(SRCROOT)/Dynamic-AutoLayout-Sample/Other/Info.plist";
				IPHONEOS_DEPLOYMENT_TARGET = 11.0;
				LD_RUNPATH_SEARCH_PATHS = (
					"$(inherited)",
					"@executable_path/Frameworks",
				);
				PRODUCT_BUNDLE_IDENTIFIER = "com.kawahara.Dynamic-AutoLayout-Sample";
				PRODUCT_NAME = "$(TARGET_NAME)";
				SWIFT_VERSION = 4.2;
				TARGETED_DEVICE_FAMILY = "1,2";
			};
			name = Release;
		};
/* End XCBuildConfiguration section */

/* Begin XCConfigurationList section */
		4594D31E211E71D900351ACC /* Build configuration list for PBXProject "Dynamic-AutoLayout-Sample" */ = {
			isa = XCConfigurationList;
			buildConfigurations = (
				4594D333211E71D900351ACC /* Debug */,
				4594D334211E71D900351ACC /* Release */,
			);
			defaultConfigurationIsVisible = 0;
			defaultConfigurationName = Release;
		};
		4594D335211E71D900351ACC /* Build configuration list for PBXNativeTarget "Dynamic-AutoLayout-Sample" */ = {
			isa = XCConfigurationList;
			buildConfigurations = (
				4594D336211E71D900351ACC /* Debug */,
				4594D337211E71D900351ACC /* Release */,
			);
			defaultConfigurationIsVisible = 0;
			defaultConfigurationName = Release;
		};
/* End XCConfigurationList section */
	};
	rootObject = 4594D31B211E71D900351ACC /* Project object */;
}
